// !$*UTF8*$!
{
	archiveVersion = 1;
	classes = {
	};
	objectVersion = 46;
	objects = {

/* Begin PBXBuildFile section */
		BC006CE91BD606EE0006F14B /* Sound.swift in Sources */ = {isa = PBXBuildFile; fileRef = BC006CE81BD606EE0006F14B /* Sound.swift */; settings = {ASSET_TAGS = (); }; };
		BC94CEA61BCF134100EA5B07 /* AppDelegate.swift in Sources */ = {isa = PBXBuildFile; fileRef = BC94CEA51BCF134100EA5B07 /* AppDelegate.swift */; };
		BC94CEA81BCF134100EA5B07 /* SoundListViewController.swift in Sources */ = {isa = PBXBuildFile; fileRef = BC94CEA71BCF134100EA5B07 /* SoundListViewController.swift */; };
		BC94CEAB1BCF134100EA5B07 /* Main.storyboard in Resources */ = {isa = PBXBuildFile; fileRef = BC94CEA91BCF134100EA5B07 /* Main.storyboard */; };
		BC94CEAE1BCF134100EA5B07 /* Soundboard.xcdatamodeld in Sources */ = {isa = PBXBuildFile; fileRef = BC94CEAC1BCF134100EA5B07 /* Soundboard.xcdatamodeld */; };
		BC94CEB01BCF134100EA5B07 /* Assets.xcassets in Resources */ = {isa = PBXBuildFile; fileRef = BC94CEAF1BCF134100EA5B07 /* Assets.xcassets */; };
		BC94CEB31BCF134100EA5B07 /* LaunchScreen.storyboard in Resources */ = {isa = PBXBuildFile; fileRef = BC94CEB11BCF134100EA5B07 /* LaunchScreen.storyboard */; };
		BC94CEBB1BCF28AE00EA5B07 /* chaching.m4a in Resources */ = {isa = PBXBuildFile; fileRef = BC94CEBA1BCF28AE00EA5B07 /* chaching.m4a */; settings = {ASSET_TAGS = (); }; };
		BCDA1D881BD70086008A11D4 /* NewSoundViewController.swift in Sources */ = {isa = PBXBuildFile; fileRef = BCDA1D871BD70086008A11D4 /* NewSoundViewController.swift */; settings = {ASSET_TAGS = (); }; };
/* End PBXBuildFile section */

/* Begin PBXFileReference section */
		BC006CE81BD606EE0006F14B /* Sound.swift */ = {isa = PBXFileReference; fileEncoding = 4; lastKnownFileType = sourcecode.swift; path = Sound.swift; sourceTree = "<group>"; };
		BC94CEA21BCF134100EA5B07 /* Soundboard.app */ = {isa = PBXFileReference; explicitFileType = wrapper.application; includeInIndex = 0; path = Soundboard.app; sourceTree = BUILT_PRODUCTS_DIR; };
		BC94CEA51BCF134100EA5B07 /* AppDelegate.swift */ = {isa = PBXFileReference; lastKnownFileType = sourcecode.swift; path = AppDelegate.swift; sourceTree = "<group>"; };
		BC94CEA71BCF134100EA5B07 /* SoundListViewController.swift */ = {isa = PBXFileReference; lastKnownFileType = sourcecode.swift; path = SoundListViewController.swift; sourceTree = "<group>"; };
		BC94CEAA1BCF134100EA5B07 /* Base */ = {isa = PBXFileReference; lastKnownFileType = file.storyboard; name = Base; path = Base.lproj/Main.storyboard; sourceTree = "<group>"; };
		BC94CEAD1BCF134100EA5B07 /* Soundboard.xcdatamodel */ = {isa = PBXFileReference; lastKnownFileType = wrapper.xcdatamodel; path = Soundboard.xcdatamodel; sourceTree = "<group>"; };
		BC94CEAF1BCF134100EA5B07 /* Assets.xcassets */ = {isa = PBXFileReference; lastKnownFileType = folder.assetcatalog; path = Assets.xcassets; sourceTree = "<group>"; };
		BC94CEB21BCF134100EA5B07 /* Base */ = {isa = PBXFileReference; lastKnownFileType = file.storyboard; name = Base; path = Base.lproj/LaunchScreen.storyboard; sourceTree = "<group>"; };
		BC94CEB41BCF134100EA5B07 /* Info.plist */ = {isa = PBXFileReference; lastKnownFileType = text.plist.xml; path = Info.plist; sourceTree = "<group>"; };
		BC94CEBA1BCF28AE00EA5B07 /* chaching.m4a */ = {isa = PBXFileReference; lastKnownFileType = file; name = chaching.m4a; path = ../../chaching.m4a; sourceTree = "<group>"; };
		BCDA1D871BD70086008A11D4 /* NewSoundViewController.swift */ = {isa = PBXFileReference; fileEncoding = 4; lastKnownFileType = sourcecode.swift; path = NewSoundViewController.swift; sourceTree = "<group>"; };
/* End PBXFileReference section */

/* Begin PBXFrameworksBuildPhase section */
		BC94CE9F1BCF134100EA5B07 /* Frameworks */ = {
			isa = PBXFrameworksBuildPhase;
			buildActionMask = 2147483647;
			files = (
			);
			runOnlyForDeploymentPostprocessing = 0;
		};
/* End PBXFrameworksBuildPhase section */

/* Begin PBXGroup section */
		BC94CE991BCF134100EA5B07 = {
			isa = PBXGroup;
			children = (
				BC94CEA41BCF134100EA5B07 /* Soundboard */,
				BC94CEA31BCF134100EA5B07 /* Products */,
			);
			sourceTree = "<group>";
		};
		BC94CEA31BCF134100EA5B07 /* Products */ = {
			isa = PBXGroup;
			children = (
				BC94CEA21BCF134100EA5B07 /* Soundboard.app */,
			);
			name = Products;
			sourceTree = "<group>";
		};
		BC94CEA41BCF134100EA5B07 /* Soundboard */ = {
			isa = PBXGroup;
			children = (
				BC94CEBA1BCF28AE00EA5B07 /* chaching.m4a */,
				BC006CE81BD606EE0006F14B /* Sound.swift */,
				BC94CEA51BCF134100EA5B07 /* AppDelegate.swift */,
				BC94CEA71BCF134100EA5B07 /* SoundListViewController.swift */,
				BCDA1D871BD70086008A11D4 /* NewSoundViewController.swift */,
				BC94CEA91BCF134100EA5B07 /* Main.storyboard */,
				BC94CEAF1BCF134100EA5B07 /* Assets.xcassets */,
				BC94CEB11BCF134100EA5B07 /* LaunchScreen.storyboard */,
				BC94CEB41BCF134100EA5B07 /* Info.plist */,
				BC94CEAC1BCF134100EA5B07 /* Soundboard.xcdatamodeld */,
			);
			path = Soundboard;
			sourceTree = "<group>";
		};
/* End PBXGroup section */

/* Begin PBXNativeTarget section */
		BC94CEA11BCF134100EA5B07 /* Soundboard */ = {
			isa = PBXNativeTarget;
			buildConfigurationList = BC94CEB71BCF134100EA5B07 /* Build configuration list for PBXNativeTarget "Soundboard" */;
			buildPhases = (
				BC94CE9E1BCF134100EA5B07 /* Sources */,
				BC94CE9F1BCF134100EA5B07 /* Frameworks */,
				BC94CEA01BCF134100EA5B07 /* Resources */,
			);
			buildRules = (
			);
			dependencies = (
			);
			name = Soundboard;
			productName = Soundboard;
			productReference = BC94CEA21BCF134100EA5B07 /* Soundboard.app */;
			productType = "com.apple.product-type.application";
		};
/* End PBXNativeTarget section */

/* Begin PBXProject section */
		BC94CE9A1BCF134100EA5B07 /* Project object */ = {
			isa = PBXProject;
			attributes = {
				LastUpgradeCheck = 0700;
				ORGANIZATIONNAME = crazytin;
				TargetAttributes = {
					BC94CEA11BCF134100EA5B07 = {
						CreatedOnToolsVersion = 7.0;
					};
				};
			};
			buildConfigurationList = BC94CE9D1BCF134100EA5B07 /* Build configuration list for PBXProject "Soundboard" */;
			compatibilityVersion = "Xcode 3.2";
			developmentRegion = English;
			hasScannedForEncodings = 0;
			knownRegions = (
				en,
				Base,
			);
			mainGroup = BC94CE991BCF134100EA5B07;
			productRefGroup = BC94CEA31BCF134100EA5B07 /* Products */;
			projectDirPath = "";
			projectRoot = "";
			targets = (
				BC94CEA11BCF134100EA5B07 /* Soundboard */,
			);
		};
/* End PBXProject section */

/* Begin PBXResourcesBuildPhase section */
		BC94CEA01BCF134100EA5B07 /* Resources */ = {
			isa = PBXResourcesBuildPhase;
			buildActionMask = 2147483647;
			files = (
				BC94CEB31BCF134100EA5B07 /* LaunchScreen.storyboard in Resources */,
				BC94CEBB1BCF28AE00EA5B07 /* chaching.m4a in Resources */,
				BC94CEB01BCF134100EA5B07 /* Assets.xcassets in Resources */,
				BC94CEAB1BCF134100EA5B07 /* Main.storyboard in Resources */,
			);
			runOnlyForDeploymentPostprocessing = 0;
		};
/* End PBXResourcesBuildPhase section */

/* Begin PBXSourcesBuildPhase section */
		BC94CE9E1BCF134100EA5B07 /* Sources */ = {
			isa = PBXSourcesBuildPhase;
			buildActionMask = 2147483647;
			files = (
				BC94CEA81BCF134100EA5B07 /* SoundListViewController.swift in Sources */,
				BC94CEAE1BCF134100EA5B07 /* Soundboard.xcdatamodeld in Sources */,
				BC94CEA61BCF134100EA5B07 /* AppDelegate.swift in Sources */,
				BC006CE91BD606EE0006F14B /* Sound.swift in Sources */,
				BCDA1D881BD70086008A11D4 /* NewSoundViewController.swift in Sources */,
			);
			runOnlyForDeploymentPostprocessing = 0;
		};
/* End PBXSourcesBuildPhase section */

/* Begin PBXVariantGroup section */
		BC94CEA91BCF134100EA5B07 /* Main.storyboard */ = {
			isa = PBXVariantGroup;
			children = (
				BC94CEAA1BCF134100EA5B07 /* Base */,
			);
			name = Main.storyboard;
			sourceTree = "<group>";
		};
		BC94CEB11BCF134100EA5B07 /* LaunchScreen.storyboard */ = {
			isa = PBXVariantGroup;
			children = (
				BC94CEB21BCF134100EA5B07 /* Base */,
			);
			name = LaunchScreen.storyboard;
			sourceTree = "<group>";
		};
/* End PBXVariantGroup section */

/* Begin XCBuildConfiguration section */
		BC94CEB51BCF134100EA5B07 /* Debug */ = {
			isa = XCBuildConfiguration;
			buildSettings = {
				ALWAYS_SEARCH_USER_PATHS = NO;
				CLANG_CXX_LANGUAGE_STANDARD = "gnu++0x";
				CLANG_CXX_LIBRARY = "libc++";
				CLANG_ENABLE_MODULES = YES;
				CLANG_ENABLE_OBJC_ARC = YES;
				CLANG_WARN_BOOL_CONVERSION = YES;
				CLANG_WARN_CONSTANT_CONVERSION = YES;
				CLANG_WARN_DIRECT_OBJC_ISA_USAGE = YES_ERROR;
				CLANG_WARN_EMPTY_BODY = YES;
				CLANG_WARN_ENUM_CONVERSION = YES;
				CLANG_WARN_INT_CONVERSION = YES;
				CLANG_WARN_OBJC_ROOT_CLASS = YES_ERROR;
				CLANG_WARN_UNREACHABLE_CODE = YES;
				CLANG_WARN__DUPLICATE_METHOD_MATCH = YES;
				"CODE_SIGN_IDENTITY[sdk=iphoneos*]" = "iPhone Developer";
				COPY_PHASE_STRIP = NO;
				DEBUG_INFORMATION_FORMAT = dwarf;
				ENABLE_STRICT_OBJC_MSGSEND = YES;
				ENABLE_TESTABILITY = YES;
				GCC_C_LANGUAGE_STANDARD = gnu99;
				GCC_DYNAMIC_NO_PIC = NO;
				GCC_NO_COMMON_BLOCKS = YES;
				GCC_OPTIMIZATION_LEVEL = 0;
				GCC_PREPROCESSOR_DEFINITIONS = (
					"DEBUG=1",
					"$(inherited)",
				);
				GCC_WARN_64_TO_32_BIT_CONVERSION = YES;
				GCC_WARN_ABOUT_RETURN_TYPE = YES_ERROR;
				GCC_WARN_UNDECLARED_SELECTOR = YES;
				GCC_WARN_UNINITIALIZED_AUTOS = YES_AGGRESSIVE;
				GCC_WARN_UNUSED_FUNCTION = YES;
				GCC_WARN_UNUSED_VARIABLE = YES;
				IPHONEOS_DEPLOYMENT_TARGET = 9.0;
				MTL_ENABLE_DEBUG_INFO = YES;
				ONLY_ACTIVE_ARCH = YES;
				SDKROOT = iphoneos;
				SWIFT_OPTIMIZATION_LEVEL = "-Onone";
			};
			name = Debug;
		};
		BC94CEB61BCF134100EA5B07 /* Release */ = {
			isa = XCBuildConfiguration;
			buildSettings = {
				ALWAYS_SEARCH_USER_PATHS = NO;
				CLANG_CXX_LANGUAGE_STANDARD = "gnu++0x";
				CLANG_CXX_LIBRARY = "libc++";
				CLANG_ENABLE_MODULES = YES;
				CLANG_ENABLE_OBJC_ARC = YES;
				CLANG_WARN_BOOL_CONVERSION = YES;
				CLANG_WARN_CONSTANT_CONVERSION = YES;
				CLANG_WARN_DIRECT_OBJC_ISA_USAGE = YES_ERROR;
				CLANG_WARN_EMPTY_BODY = YES;
				CLANG_WARN_ENUM_CONVERSION = YES;
				CLANG_WARN_INT_CONVERSION = YES;
				CLANG_WARN_OBJC_ROOT_CLASS = YES_ERROR;
				CLANG_WARN_UNREACHABLE_CODE = YES;
				CLANG_WARN__DUPLICATE_METHOD_MATCH = YES;
				"CODE_SIGN_IDENTITY[sdk=iphoneos*]" = "iPhone Developer";
				COPY_PHASE_STRIP = NO;
				DEBUG_INFORMATION_FORMAT = "dwarf-with-dsym";
				ENABLE_NS_ASSERTIONS = NO;
				ENABLE_STRICT_OBJC_MSGSEND = YES;
				GCC_C_LANGUAGE_STANDARD = gnu99;
				GCC_NO_COMMON_BLOCKS = YES;
				GCC_WARN_64_TO_32_BIT_CONVERSION = YES;
				GCC_WARN_ABOUT_RETURN_TYPE = YES_ERROR;
				GCC_WARN_UNDECLARED_SELECTOR = YES;
				GCC_WARN_UNINITIALIZED_AUTOS = YES_AGGRESSIVE;
				GCC_WARN_UNUSED_FUNCTION = YES;
				GCC_WARN_UNUSED_VARIABLE = YES;
				IPHONEOS_DEPLOYMENT_TARGET = 9.0;
				MTL_ENABLE_DEBUG_INFO = NO;
				SDKROOT = iphoneos;
				VALIDATE_PRODUCT = YES;
			};
			name = Release;
		};
		BC94CEB81BCF134100EA5B07 /* Debug */ = {
			isa = XCBuildConfiguration;
			buildSettings = {
				ASSETCATALOG_COMPILER_APPICON_NAME = AppIcon;
				INFOPLIST_FILE = Soundboard/Info.plist;
				LD_RUNPATH_SEARCH_PATHS = "$(inherited) @executable_path/Frameworks";
				PRODUCT_BUNDLE_IDENTIFIER = shitstorm.Soundboard;
				PRODUCT_NAME = "$(TARGET_NAME)";
			};
			name = Debug;
		};
		BC94CEB91BCF134100EA5B07 /* Release */ = {
			isa = XCBuildConfiguration;
			buildSettings = {
				ASSETCATALOG_COMPILER_APPICON_NAME = AppIcon;
				INFOPLIST_FILE = Soundboard/Info.plist;
				LD_RUNPATH_SEARCH_PATHS = "$(inherited) @executable_path/Frameworks";
				PRODUCT_BUNDLE_IDENTIFIER = shitstorm.Soundboard;
				PRODUCT_NAME = "$(TARGET_NAME)";
			};
			name = Release;
		};
/* End XCBuildConfiguration section */

/* Begin XCConfigurationList section */
		BC94CE9D1BCF134100EA5B07 /* Build configuration list for PBXProject "Soundboard" */ = {
			isa = XCConfigurationList;
			buildConfigurations = (
				BC94CEB51BCF134100EA5B07 /* Debug */,
				BC94CEB61BCF134100EA5B07 /* Release */,
			);
			defaultConfigurationIsVisible = 0;
			defaultConfigurationName = Release;
		};
		BC94CEB71BCF134100EA5B07 /* Build configuration list for PBXNativeTarget "Soundboard" */ = {
			isa = XCConfigurationList;
			buildConfigurations = (
				BC94CEB81BCF134100EA5B07 /* Debug */,
				BC94CEB91BCF134100EA5B07 /* Release */,
			);
			defaultConfigurationIsVisible = 0;
			defaultConfigurationName = Release;
		};
/* End XCConfigurationList section */

/* Begin XCVersionGroup section */
		BC94CEAC1BCF134100EA5B07 /* Soundboard.xcdatamodeld */ = {
			isa = XCVersionGroup;
			children = (
				BC94CEAD1BCF134100EA5B07 /* Soundboard.xcdatamodel */,
			);
			currentVersion = BC94CEAD1BCF134100EA5B07 /* Soundboard.xcdatamodel */;
			path = Soundboard.xcdatamodeld;
			sourceTree = "<group>";
			versionGroupType = wrapper.xcdatamodel;
		};
/* End XCVersionGroup section */
	};
	rootObject = BC94CE9A1BCF134100EA5B07 /* Project object */;
}
